
Microsoft Visual Studio Solution File, Format Version 12.00
# Visual Studio Version 17
VisualStudioVersion = 17.10.35004.147
MinimumVisualStudioVersion = 10.0.40219.1
Project("{2150E333-8FDC-42A3-9474-1A3956D46DE8}") = "src", "src", "{90D3E7FB-293F-44F8-8ED5-AC2523BDD322}"
EndProject
Project("{2150E333-8FDC-42A3-9474-1A3956D46DE8}") = "test", "test", "{C91EF600-25D8-4BB6-8A53-04007FB9FAA9}"
EndProject
Project("{9A19103F-16F7-4668-BE54-9A1E7A4F7556}") = "Bookify.Domain", "Bookify.Domain\Bookify.Domain.csproj", "{A760AB44-77DB-426E-9212-DC01B972BCCA}"
EndProject
Project("{FAE04EC0-301F-11D3-BF4B-00C04F79EFBC}") = "Bookify.Application", "Bookify.Application\Bookify.Application.csproj", "{54CAC00D-FCE6-4620-9415-44D285ADEFFC}"
EndProject
Global
	GlobalSection(SolutionConfigurationPlatforms) = preSolution
		Debug|Any CPU = Debug|Any CPU
		Release|Any CPU = Release|Any CPU
	EndGlobalSection
	GlobalSection(ProjectConfigurationPlatforms) = postSolution
		{A760AB44-77DB-426E-9212-DC01B972BCCA}.Debug|Any CPU.ActiveCfg = Debug|Any CPU
		{A760AB44-77DB-426E-9212-DC01B972BCCA}.Debug|Any CPU.Build.0 = Debug|Any CPU
		{A760AB44-77DB-426E-9212-DC01B972BCCA}.Release|Any CPU.ActiveCfg = Release|Any CPU
		{A760AB44-77DB-426E-9212-DC01B972BCCA}.Release|Any CPU.Build.0 = Release|Any CPU
		{54CAC00D-FCE6-4620-9415-44D285ADEFFC}.Debug|Any CPU.ActiveCfg = Debug|Any CPU
		{54CAC00D-FCE6-4620-9415-44D285ADEFFC}.Debug|Any CPU.Build.0 = Debug|Any CPU
		{54CAC00D-FCE6-4620-9415-44D285ADEFFC}.Release|Any CPU.ActiveCfg = Release|Any CPU
		{54CAC00D-FCE6-4620-9415-44D285ADEFFC}.Release|Any CPU.Build.0 = Release|Any CPU
	EndGlobalSection
	GlobalSection(SolutionProperties) = preSolution
		HideSolutionNode = FALSE
	EndGlobalSection
	GlobalSection(NestedProjects) = preSolution
		{A760AB44-77DB-426E-9212-DC01B972BCCA} = {90D3E7FB-293F-44F8-8ED5-AC2523BDD322}
		{54CAC00D-FCE6-4620-9415-44D285ADEFFC} = {90D3E7FB-293F-44F8-8ED5-AC2523BDD322}
	EndGlobalSection
	GlobalSection(ExtensibilityGlobals) = postSolution
		SolutionGuid = {2054D9B0-E0F5-43B7-85A0-0B22480289D8}
	EndGlobalSection
EndGlobal
